// !$*UTF8*$!
{
	archiveVersion = 1;
	classes = {
	};
	objectVersion = 46;
	objects = {

/* Begin PBXBuildFile section */
		1B6C55F21F41D1AF00471DBF /* main.m in Sources */ = {isa = PBXBuildFile; fileRef = 1B6C55F11F41D1AF00471DBF /* main.m */; };
		1B6C55F51F41D1AF00471DBF /* AppDelegate.m in Sources */ = {isa = PBXBuildFile; fileRef = 1B6C55F41F41D1AF00471DBF /* AppDelegate.m */; };
		1B6C55F81F41D1AF00471DBF /* ViewController.m in Sources */ = {isa = PBXBuildFile; fileRef = 1B6C55F71F41D1AF00471DBF /* ViewController.m */; };
		1B6C55FB1F41D1AF00471DBF /* Main.storyboard in Resources */ = {isa = PBXBuildFile; fileRef = 1B6C55F91F41D1AF00471DBF /* Main.storyboard */; };
		1B6C55FD1F41D1AF00471DBF /* Assets.xcassets in Resources */ = {isa = PBXBuildFile; fileRef = 1B6C55FC1F41D1AF00471DBF /* Assets.xcassets */; };
		1B6C56001F41D1AF00471DBF /* LaunchScreen.storyboard in Resources */ = {isa = PBXBuildFile; fileRef = 1B6C55FE1F41D1AF00471DBF /* LaunchScreen.storyboard */; };
		1B6C560B1F41D1AF00471DBF /* WXPayDemoTests.m in Sources */ = {isa = PBXBuildFile; fileRef = 1B6C560A1F41D1AF00471DBF /* WXPayDemoTests.m */; };
		1B6C56161F41D1AF00471DBF /* WXPayDemoUITests.m in Sources */ = {isa = PBXBuildFile; fileRef = 1B6C56151F41D1AF00471DBF /* WXPayDemoUITests.m */; };
		1B6C562A1F41D45B00471DBF /* README.txt in Resources */ = {isa = PBXBuildFile; fileRef = 1B6C56251F41D45B00471DBF /* README.txt */; };
		1B6C562D1F41D71A00471DBF /* SystemConfiguration.framework in Frameworks */ = {isa = PBXBuildFile; fileRef = 1B6C562C1F41D71A00471DBF /* SystemConfiguration.framework */; };
		1B6C562F1F41D72200471DBF /* libz.tbd in Frameworks */ = {isa = PBXBuildFile; fileRef = 1B6C562E1F41D72200471DBF /* libz.tbd */; };
		1B6C56311F41D72B00471DBF /* libsqlite3.0.tbd in Frameworks */ = {isa = PBXBuildFile; fileRef = 1B6C56301F41D72B00471DBF /* libsqlite3.0.tbd */; };
		1B6C56331F41D73600471DBF /* CoreTelephony.framework in Frameworks */ = {isa = PBXBuildFile; fileRef = 1B6C56321F41D73600471DBF /* CoreTelephony.framework */; };
		1B6C56351F41D74800471DBF /* Security.framework in Frameworks */ = {isa = PBXBuildFile; fileRef = 1B6C56341F41D74800471DBF /* Security.framework */; };
		1B6C56371F41D75C00471DBF /* CFNetwork.framework in Frameworks */ = {isa = PBXBuildFile; fileRef = 1B6C56361F41D75C00471DBF /* CFNetwork.framework */; };
		1B6C564C1F41D9A400471DBF /* libWeChatSDK.a in Frameworks */ = {isa = PBXBuildFile; fileRef = 1B6C56241F41D45B00471DBF /* libWeChatSDK.a */; };
		1B6C564E1F41DA1B00471DBF /* libc++.tbd in Frameworks */ = {isa = PBXBuildFile; fileRef = 1B6C564D1F41DA1B00471DBF /* libc++.tbd */; };
		1B6C56751F41DA3A00471DBF /* AFHTTPSessionManager.m in Sources */ = {isa = PBXBuildFile; fileRef = 1B6C56521F41DA3A00471DBF /* AFHTTPSessionManager.m */; };
		1B6C56761F41DA3A00471DBF /* AFNetworkReachabilityManager.m in Sources */ = {isa = PBXBuildFile; fileRef = 1B6C56551F41DA3A00471DBF /* AFNetworkReachabilityManager.m */; };
		1B6C56771F41DA3A00471DBF /* AFSecurityPolicy.m in Sources */ = {isa = PBXBuildFile; fileRef = 1B6C56571F41DA3A00471DBF /* AFSecurityPolicy.m */; };
		1B6C56781F41DA3A00471DBF /* AFURLRequestSerialization.m in Sources */ = {isa = PBXBuildFile; fileRef = 1B6C56591F41DA3A00471DBF /* AFURLRequestSerialization.m */; };
		1B6C56791F41DA3A00471DBF /* AFURLResponseSerialization.m in Sources */ = {isa = PBXBuildFile; fileRef = 1B6C565B1F41DA3A00471DBF /* AFURLResponseSerialization.m */; };
		1B6C567A1F41DA3A00471DBF /* AFURLSessionManager.m in Sources */ = {isa = PBXBuildFile; fileRef = 1B6C565D1F41DA3A00471DBF /* AFURLSessionManager.m */; };
		1B6C567B1F41DA3A00471DBF /* LICENSE in Resources */ = {isa = PBXBuildFile; fileRef = 1B6C565E1F41DA3A00471DBF /* LICENSE */; };
		1B6C567C1F41DA3A00471DBF /* README.md in Sources */ = {isa = PBXBuildFile; fileRef = 1B6C565F1F41DA3A00471DBF /* README.md */; };
		1B6C567D1F41DA3A00471DBF /* AFAutoPurgingImageCache.m in Sources */ = {isa = PBXBuildFile; fileRef = 1B6C56621F41DA3A00471DBF /* AFAutoPurgingImageCache.m */; };
		1B6C567E1F41DA3A00471DBF /* AFImageDownloader.m in Sources */ = {isa = PBXBuildFile; fileRef = 1B6C56641F41DA3A00471DBF /* AFImageDownloader.m */; };
		1B6C567F1F41DA3A00471DBF /* AFNetworkActivityIndicatorManager.m in Sources */ = {isa = PBXBuildFile; fileRef = 1B6C56661F41DA3A00471DBF /* AFNetworkActivityIndicatorManager.m */; };
		1B6C56801F41DA3A00471DBF /* UIActivityIndicatorView+AFNetworking.m in Sources */ = {isa = PBXBuildFile; fileRef = 1B6C56681F41DA3A00471DBF /* UIActivityIndicatorView+AFNetworking.m */; };
		1B6C56811F41DA3A00471DBF /* UIButton+AFNetworking.m in Sources */ = {isa = PBXBuildFile; fileRef = 1B6C566A1F41DA3A00471DBF /* UIButton+AFNetworking.m */; };
		1B6C56821F41DA3A00471DBF /* UIImageView+AFNetworking.m in Sources */ = {isa = PBXBuildFile; fileRef = 1B6C566D1F41DA3A00471DBF /* UIImageView+AFNetworking.m */; };
		1B6C56831F41DA3A00471DBF /* UIProgressView+AFNetworking.m in Sources */ = {isa = PBXBuildFile; fileRef = 1B6C56701F41DA3A00471DBF /* UIProgressView+AFNetworking.m */; };
		1B6C56841F41DA3A00471DBF /* UIRefreshControl+AFNetworking.m in Sources */ = {isa = PBXBuildFile; fileRef = 1B6C56721F41DA3A00471DBF /* UIRefreshControl+AFNetworking.m */; };
		1B6C56851F41DA3A00471DBF /* UIWebView+AFNetworking.m in Sources */ = {isa = PBXBuildFile; fileRef = 1B6C56741F41DA3A00471DBF /* UIWebView+AFNetworking.m */; };
/* End PBXBuildFile section */

/* Begin PBXContainerItemProxy section */
		1B6C56071F41D1AF00471DBF /* PBXContainerItemProxy */ = {
			isa = PBXContainerItemProxy;
			containerPortal = 1B6C55E51F41D1AF00471DBF /* Project object */;
			proxyType = 1;
			remoteGlobalIDString = 1B6C55EC1F41D1AF00471DBF;
			remoteInfo = WXPayDemo;
		};
		1B6C56121F41D1AF00471DBF /* PBXContainerItemProxy */ = {
			isa = PBXContainerItemProxy;
			containerPortal = 1B6C55E51F41D1AF00471DBF /* Project object */;
			proxyType = 1;
			remoteGlobalIDString = 1B6C55EC1F41D1AF00471DBF;
			remoteInfo = WXPayDemo;
		};
/* End PBXContainerItemProxy section */

/* Begin PBXFileReference section */
		1B6C55ED1F41D1AF00471DBF /* WXPayDemo.app */ = {isa = PBXFileReference; explicitFileType = wrapper.application; includeInIndex = 0; path = WXPayDemo.app; sourceTree = BUILT_PRODUCTS_DIR; };
		1B6C55F11F41D1AF00471DBF /* main.m */ = {isa = PBXFileReference; lastKnownFileType = sourcecode.c.objc; path = main.m; sourceTree = "<group>"; };
		1B6C55F31F41D1AF00471DBF /* AppDelegate.h */ = {isa = PBXFileReference; lastKnownFileType = sourcecode.c.h; path = AppDelegate.h; sourceTree = "<group>"; };
		1B6C55F41F41D1AF00471DBF /* AppDelegate.m */ = {isa = PBXFileReference; lastKnownFileType = sourcecode.c.objc; path = AppDelegate.m; sourceTree = "<group>"; };
		1B6C55F61F41D1AF00471DBF /* ViewController.h */ = {isa = PBXFileReference; lastKnownFileType = sourcecode.c.h; path = ViewController.h; sourceTree = "<group>"; };
		1B6C55F71F41D1AF00471DBF /* ViewController.m */ = {isa = PBXFileReference; lastKnownFileType = sourcecode.c.objc; path = ViewController.m; sourceTree = "<group>"; };
		1B6C55FA1F41D1AF00471DBF /* Base */ = {isa = PBXFileReference; lastKnownFileType = file.storyboard; name = Base; path = Base.lproj/Main.storyboard; sourceTree = "<group>"; };
		1B6C55FC1F41D1AF00471DBF /* Assets.xcassets */ = {isa = PBXFileReference; lastKnownFileType = folder.assetcatalog; path = Assets.xcassets; sourceTree = "<group>"; };
		1B6C55FF1F41D1AF00471DBF /* Base */ = {isa = PBXFileReference; lastKnownFileType = file.storyboard; name = Base; path = Base.lproj/LaunchScreen.storyboard; sourceTree = "<group>"; };
		1B6C56011F41D1AF00471DBF /* Info.plist */ = {isa = PBXFileReference; lastKnownFileType = text.plist.xml; path = Info.plist; sourceTree = "<group>"; };
		1B6C56061F41D1AF00471DBF /* WXPayDemoTests.xctest */ = {isa = PBXFileReference; explicitFileType = wrapper.cfbundle; includeInIndex = 0; path = WXPayDemoTests.xctest; sourceTree = BUILT_PRODUCTS_DIR; };
		1B6C560A1F41D1AF00471DBF /* WXPayDemoTests.m */ = {isa = PBXFileReference; lastKnownFileType = sourcecode.c.objc; path = WXPayDemoTests.m; sourceTree = "<group>"; };
		1B6C560C1F41D1AF00471DBF /* Info.plist */ = {isa = PBXFileReference; lastKnownFileType = text.plist.xml; path = Info.plist; sourceTree = "<group>"; };
		1B6C56111F41D1AF00471DBF /* WXPayDemoUITests.xctest */ = {isa = PBXFileReference; explicitFileType = wrapper.cfbundle; includeInIndex = 0; path = WXPayDemoUITests.xctest; sourceTree = BUILT_PRODUCTS_DIR; };
		1B6C56151F41D1AF00471DBF /* WXPayDemoUITests.m */ = {isa = PBXFileReference; lastKnownFileType = sourcecode.c.objc; path = WXPayDemoUITests.m; sourceTree = "<group>"; };
		1B6C56171F41D1AF00471DBF /* Info.plist */ = {isa = PBXFileReference; lastKnownFileType = text.plist.xml; path = Info.plist; sourceTree = "<group>"; };
		1B6C56241F41D45B00471DBF /* libWeChatSDK.a */ = {isa = PBXFileReference; lastKnownFileType = archive.ar; path = libWeChatSDK.a; sourceTree = "<group>"; };
		1B6C56251F41D45B00471DBF /* README.txt */ = {isa = PBXFileReference; fileEncoding = 4; lastKnownFileType = text; path = README.txt; sourceTree = "<group>"; };
		1B6C56261F41D45B00471DBF /* WechatAuthSDK.h */ = {isa = PBXFileReference; fileEncoding = 4; lastKnownFileType = sourcecode.c.h; path = WechatAuthSDK.h; sourceTree = "<group>"; };
		1B6C56271F41D45B00471DBF /* WXApi.h */ = {isa = PBXFileReference; fileEncoding = 4; lastKnownFileType = sourcecode.c.h; path = WXApi.h; sourceTree = "<group>"; };
		1B6C56281F41D45B00471DBF /* WXApiObject.h */ = {isa = PBXFileReference; fileEncoding = 4; lastKnownFileType = sourcecode.c.h; path = WXApiObject.h; sourceTree = "<group>"; };
		1B6C562C1F41D71A00471DBF /* SystemConfiguration.framework */ = {isa = PBXFileReference; lastKnownFileType = wrapper.framework; name = SystemConfiguration.framework; path = System/Library/Frameworks/SystemConfiguration.framework; sourceTree = SDKROOT; };
		1B6C562E1F41D72200471DBF /* libz.tbd */ = {isa = PBXFileReference; lastKnownFileType = "sourcecode.text-based-dylib-definition"; name = libz.tbd; path = usr/lib/libz.tbd; sourceTree = SDKROOT; };
		1B6C56301F41D72B00471DBF /* libsqlite3.0.tbd */ = {isa = PBXFileReference; lastKnownFileType = "sourcecode.text-based-dylib-definition"; name = libsqlite3.0.tbd; path = usr/lib/libsqlite3.0.tbd; sourceTree = SDKROOT; };
		1B6C56321F41D73600471DBF /* CoreTelephony.framework */ = {isa = PBXFileReference; lastKnownFileType = wrapper.framework; name = CoreTelephony.framework; path = System/Library/Frameworks/CoreTelephony.framework; sourceTree = SDKROOT; };
		1B6C56341F41D74800471DBF /* Security.framework */ = {isa = PBXFileReference; lastKnownFileType = wrapper.framework; name = Security.framework; path = System/Library/Frameworks/Security.framework; sourceTree = SDKROOT; };
		1B6C56361F41D75C00471DBF /* CFNetwork.framework */ = {isa = PBXFileReference; lastKnownFileType = wrapper.framework; name = CFNetwork.framework; path = System/Library/Frameworks/CFNetwork.framework; sourceTree = SDKROOT; };
		1B6C564D1F41DA1B00471DBF /* libc++.tbd */ = {isa = PBXFileReference; lastKnownFileType = "sourcecode.text-based-dylib-definition"; name = "libc++.tbd"; path = "usr/lib/libc++.tbd"; sourceTree = SDKROOT; };
		1B6C56511F41DA3A00471DBF /* AFHTTPSessionManager.h */ = {isa = PBXFileReference; fileEncoding = 4; lastKnownFileType = sourcecode.c.h; path = AFHTTPSessionManager.h; sourceTree = "<group>"; };
		1B6C56521F41DA3A00471DBF /* AFHTTPSessionManager.m */ = {isa = PBXFileReference; fileEncoding = 4; lastKnownFileType = sourcecode.c.objc; path = AFHTTPSessionManager.m; sourceTree = "<group>"; };
		1B6C56531F41DA3A00471DBF /* AFNetworking.h */ = {isa = PBXFileReference; fileEncoding = 4; lastKnownFileType = sourcecode.c.h; path = AFNetworking.h; sourceTree = "<group>"; };
		1B6C56541F41DA3A00471DBF /* AFNetworkReachabilityManager.h */ = {isa = PBXFileReference; fileEncoding = 4; lastKnownFileType = sourcecode.c.h; path = AFNetworkReachabilityManager.h; sourceTree = "<group>"; };
		1B6C56551F41DA3A00471DBF /* AFNetworkReachabilityManager.m */ = {isa = PBXFileReference; fileEncoding = 4; lastKnownFileType = sourcecode.c.objc; path = AFNetworkReachabilityManager.m; sourceTree = "<group>"; };
		1B6C56561F41DA3A00471DBF /* AFSecurityPolicy.h */ = {isa = PBXFileReference; fileEncoding = 4; lastKnownFileType = sourcecode.c.h; path = AFSecurityPolicy.h; sourceTree = "<group>"; };
		1B6C56571F41DA3A00471DBF /* AFSecurityPolicy.m */ = {isa = PBXFileReference; fileEncoding = 4; lastKnownFileType = sourcecode.c.objc; path = AFSecurityPolicy.m; sourceTree = "<group>"; };
		1B6C56581F41DA3A00471DBF /* AFURLRequestSerialization.h */ = {isa = PBXFileReference; fileEncoding = 4; lastKnownFileType = sourcecode.c.h; path = AFURLRequestSerialization.h; sourceTree = "<group>"; };
		1B6C56591F41DA3A00471DBF /* AFURLRequestSerialization.m */ = {isa = PBXFileReference; fileEncoding = 4; lastKnownFileType = sourcecode.c.objc; path = AFURLRequestSerialization.m; sourceTree = "<group>"; };
		1B6C565A1F41DA3A00471DBF /* AFURLResponseSerialization.h */ = {isa = PBXFileReference; fileEncoding = 4; lastKnownFileType = sourcecode.c.h; path = AFURLResponseSerialization.h; sourceTree = "<group>"; };
		1B6C565B1F41DA3A00471DBF /* AFURLResponseSerialization.m */ = {isa = PBXFileReference; fileEncoding = 4; lastKnownFileType = sourcecode.c.objc; path = AFURLResponseSerialization.m; sourceTree = "<group>"; };
		1B6C565C1F41DA3A00471DBF /* AFURLSessionManager.h */ = {isa = PBXFileReference; fileEncoding = 4; lastKnownFileType = sourcecode.c.h; path = AFURLSessionManager.h; sourceTree = "<group>"; };
		1B6C565D1F41DA3A00471DBF /* AFURLSessionManager.m */ = {isa = PBXFileReference; fileEncoding = 4; lastKnownFileType = sourcecode.c.objc; path = AFURLSessionManager.m; sourceTree = "<group>"; };
		1B6C565E1F41DA3A00471DBF /* LICENSE */ = {isa = PBXFileReference; fileEncoding = 4; lastKnownFileType = text; path = LICENSE; sourceTree = "<group>"; };
		1B6C565F1F41DA3A00471DBF /* README.md */ = {isa = PBXFileReference; fileEncoding = 4; lastKnownFileType = net.daringfireball.markdown; path = README.md; sourceTree = "<group>"; };
		1B6C56611F41DA3A00471DBF /* AFAutoPurgingImageCache.h */ = {isa = PBXFileReference; fileEncoding = 4; lastKnownFileType = sourcecode.c.h; path = AFAutoPurgingImageCache.h; sourceTree = "<group>"; };
		1B6C56621F41DA3A00471DBF /* AFAutoPurgingImageCache.m */ = {isa = PBXFileReference; fileEncoding = 4; lastKnownFileType = sourcecode.c.objc; path = AFAutoPurgingImageCache.m; sourceTree = "<group>"; };
		1B6C56631F41DA3A00471DBF /* AFImageDownloader.h */ = {isa = PBXFileReference; fileEncoding = 4; lastKnownFileType = sourcecode.c.h; path = AFImageDownloader.h; sourceTree = "<group>"; };
		1B6C56641F41DA3A00471DBF /* AFImageDownloader.m */ = {isa = PBXFileReference; fileEncoding = 4; lastKnownFileType = sourcecode.c.objc; path = AFImageDownloader.m; sourceTree = "<group>"; };
		1B6C56651F41DA3A00471DBF /* AFNetworkActivityIndicatorManager.h */ = {isa = PBXFileReference; fileEncoding = 4; lastKnownFileType = sourcecode.c.h; path = AFNetworkActivityIndicatorManager.h; sourceTree = "<group>"; };
		1B6C56661F41DA3A00471DBF /* AFNetworkActivityIndicatorManager.m */ = {isa = PBXFileReference; fileEncoding = 4; lastKnownFileType = sourcecode.c.objc; path = AFNetworkActivityIndicatorManager.m; sourceTree = "<group>"; };
		1B6C56671F41DA3A00471DBF /* UIActivityIndicatorView+AFNetworking.h */ = {isa = PBXFileReference; fileEncoding = 4; lastKnownFileType = sourcecode.c.h; path = "UIActivityIndicatorView+AFNetworking.h"; sourceTree = "<group>"; };
		1B6C56681F41DA3A00471DBF /* UIActivityIndicatorView+AFNetworking.m */ = {isa = PBXFileReference; fileEncoding = 4; lastKnownFileType = sourcecode.c.objc; path = "UIActivityIndicatorView+AFNetworking.m"; sourceTree = "<group>"; };
		1B6C56691F41DA3A00471DBF /* UIButton+AFNetworking.h */ = {isa = PBXFileReference; fileEncoding = 4; lastKnownFileType = sourcecode.c.h; path = "UIButton+AFNetworking.h"; sourceTree = "<group>"; };
		1B6C566A1F41DA3A00471DBF /* UIButton+AFNetworking.m */ = {isa = PBXFileReference; fileEncoding = 4; lastKnownFileType = sourcecode.c.objc; path = "UIButton+AFNetworking.m"; sourceTree = "<group>"; };
		1B6C566B1F41DA3A00471DBF /* UIImage+AFNetworking.h */ = {isa = PBXFileReference; fileEncoding = 4; lastKnownFileType = sourcecode.c.h; path = "UIImage+AFNetworking.h"; sourceTree = "<group>"; };
		1B6C566C1F41DA3A00471DBF /* UIImageView+AFNetworking.h */ = {isa = PBXFileReference; fileEncoding = 4; lastKnownFileType = sourcecode.c.h; path = "UIImageView+AFNetworking.h"; sourceTree = "<group>"; };
		1B6C566D1F41DA3A00471DBF /* UIImageView+AFNetworking.m */ = {isa = PBXFileReference; fileEncoding = 4; lastKnownFileType = sourcecode.c.objc; path = "UIImageView+AFNetworking.m"; sourceTree = "<group>"; };
		1B6C566E1F41DA3A00471DBF /* UIKit+AFNetworking.h */ = {isa = PBXFileReference; fileEncoding = 4; lastKnownFileType = sourcecode.c.h; path = "UIKit+AFNetworking.h"; sourceTree = "<group>"; };
		1B6C566F1F41DA3A00471DBF /* UIProgressView+AFNetworking.h */ = {isa = PBXFileReference; fileEncoding = 4; lastKnownFileType = sourcecode.c.h; path = "UIProgressView+AFNetworking.h"; sourceTree = "<group>"; };
		1B6C56701F41DA3A00471DBF /* UIProgressView+AFNetworking.m */ = {isa = PBXFileReference; fileEncoding = 4; lastKnownFileType = sourcecode.c.objc; path = "UIProgressView+AFNetworking.m"; sourceTree = "<group>"; };
		1B6C56711F41DA3A00471DBF /* UIRefreshControl+AFNetworking.h */ = {isa = PBXFileReference; fileEncoding = 4; lastKnownFileType = sourcecode.c.h; path = "UIRefreshControl+AFNetworking.h"; sourceTree = "<group>"; };
		1B6C56721F41DA3A00471DBF /* UIRefreshControl+AFNetworking.m */ = {isa = PBXFileReference; fileEncoding = 4; lastKnownFileType = sourcecode.c.objc; path = "UIRefreshControl+AFNetworking.m"; sourceTree = "<group>"; };
		1B6C56731F41DA3A00471DBF /* UIWebView+AFNetworking.h */ = {isa = PBXFileReference; fileEncoding = 4; lastKnownFileType = sourcecode.c.h; path = "UIWebView+AFNetworking.h"; sourceTree = "<group>"; };
		1B6C56741F41DA3A00471DBF /* UIWebView+AFNetworking.m */ = {isa = PBXFileReference; fileEncoding = 4; lastKnownFileType = sourcecode.c.objc; path = "UIWebView+AFNetworking.m"; sourceTree = "<group>"; };
/* End PBXFileReference section */

/* Begin PBXFrameworksBuildPhase section */
		1B6C55EA1F41D1AF00471DBF /* Frameworks */ = {
			isa = PBXFrameworksBuildPhase;
			buildActionMask = 2147483647;
			files = (
				1B6C564E1F41DA1B00471DBF /* libc++.tbd in Frameworks */,
				1B6C564C1F41D9A400471DBF /* libWeChatSDK.a in Frameworks */,
				1B6C56371F41D75C00471DBF /* CFNetwork.framework in Frameworks */,
				1B6C56351F41D74800471DBF /* Security.framework in Frameworks */,
				1B6C56331F41D73600471DBF /* CoreTelephony.framework in Frameworks */,
				1B6C56311F41D72B00471DBF /* libsqlite3.0.tbd in Frameworks */,
				1B6C562F1F41D72200471DBF /* libz.tbd in Frameworks */,
				1B6C562D1F41D71A00471DBF /* SystemConfiguration.framework in Frameworks */,
			);
			runOnlyForDeploymentPostprocessing = 0;
		};
		1B6C56031F41D1AF00471DBF /* Frameworks */ = {
			isa = PBXFrameworksBuildPhase;
			buildActionMask = 2147483647;
			files = (
			);
			runOnlyForDeploymentPostprocessing = 0;
		};
		1B6C560E1F41D1AF00471DBF /* Frameworks */ = {
			isa = PBXFrameworksBuildPhase;
			buildActionMask = 2147483647;
			files = (
			);
			runOnlyForDeploymentPostprocessing = 0;
		};
/* End PBXFrameworksBuildPhase section */

/* Begin PBXGroup section */
		1B6C55E41F41D1AF00471DBF = {
			isa = PBXGroup;
			children = (
				1B6C55EF1F41D1AF00471DBF /* WXPayDemo */,
				1B6C56091F41D1AF00471DBF /* WXPayDemoTests */,
				1B6C56141F41D1AF00471DBF /* WXPayDemoUITests */,
				1B6C55EE1F41D1AF00471DBF /* Products */,
				1B6C562B1F41D71A00471DBF /* Frameworks */,
			);
			sourceTree = "<group>";
		};
		1B6C55EE1F41D1AF00471DBF /* Products */ = {
			isa = PBXGroup;
			children = (
				1B6C55ED1F41D1AF00471DBF /* WXPayDemo.app */,
				1B6C56061F41D1AF00471DBF /* WXPayDemoTests.xctest */,
				1B6C56111F41D1AF00471DBF /* WXPayDemoUITests.xctest */,
			);
			name = Products;
			sourceTree = "<group>";
		};
		1B6C55EF1F41D1AF00471DBF /* WXPayDemo */ = {
			isa = PBXGroup;
			children = (
				1B6C564F1F41DA3A00471DBF /* AFNetworking */,
				1B6C56231F41D45B00471DBF /* weixin */,
				1B6C55F31F41D1AF00471DBF /* AppDelegate.h */,
				1B6C55F41F41D1AF00471DBF /* AppDelegate.m */,
				1B6C55F61F41D1AF00471DBF /* ViewController.h */,
				1B6C55F71F41D1AF00471DBF /* ViewController.m */,
				1B6C55F91F41D1AF00471DBF /* Main.storyboard */,
				1B6C55FC1F41D1AF00471DBF /* Assets.xcassets */,
				1B6C55FE1F41D1AF00471DBF /* LaunchScreen.storyboard */,
				1B6C56011F41D1AF00471DBF /* Info.plist */,
				1B6C55F01F41D1AF00471DBF /* Supporting Files */,
			);
			path = WXPayDemo;
			sourceTree = "<group>";
		};
		1B6C55F01F41D1AF00471DBF /* Supporting Files */ = {
			isa = PBXGroup;
			children = (
				1B6C55F11F41D1AF00471DBF /* main.m */,
			);
			name = "Supporting Files";
			sourceTree = "<group>";
		};
		1B6C56091F41D1AF00471DBF /* WXPayDemoTests */ = {
			isa = PBXGroup;
			children = (
				1B6C560A1F41D1AF00471DBF /* WXPayDemoTests.m */,
				1B6C560C1F41D1AF00471DBF /* Info.plist */,
			);
			path = WXPayDemoTests;
			sourceTree = "<group>";
		};
		1B6C56141F41D1AF00471DBF /* WXPayDemoUITests */ = {
			isa = PBXGroup;
			children = (
				1B6C56151F41D1AF00471DBF /* WXPayDemoUITests.m */,
				1B6C56171F41D1AF00471DBF /* Info.plist */,
			);
			path = WXPayDemoUITests;
			sourceTree = "<group>";
		};
		1B6C56231F41D45B00471DBF /* weixin */ = {
			isa = PBXGroup;
			children = (
				1B6C56241F41D45B00471DBF /* libWeChatSDK.a */,
				1B6C56251F41D45B00471DBF /* README.txt */,
				1B6C56261F41D45B00471DBF /* WechatAuthSDK.h */,
				1B6C56271F41D45B00471DBF /* WXApi.h */,
				1B6C56281F41D45B00471DBF /* WXApiObject.h */,
			);
			path = weixin;
			sourceTree = "<group>";
		};
		1B6C562B1F41D71A00471DBF /* Frameworks */ = {
			isa = PBXGroup;
			children = (
				1B6C564D1F41DA1B00471DBF /* libc++.tbd */,
				1B6C56361F41D75C00471DBF /* CFNetwork.framework */,
				1B6C56341F41D74800471DBF /* Security.framework */,
				1B6C56321F41D73600471DBF /* CoreTelephony.framework */,
				1B6C56301F41D72B00471DBF /* libsqlite3.0.tbd */,
				1B6C562E1F41D72200471DBF /* libz.tbd */,
				1B6C562C1F41D71A00471DBF /* SystemConfiguration.framework */,
			);
			name = Frameworks;
			sourceTree = "<group>";
		};
		1B6C564F1F41DA3A00471DBF /* AFNetworking */ = {
			isa = PBXGroup;
			children = (
				1B6C56501F41DA3A00471DBF /* AFNetworking */,
				1B6C565E1F41DA3A00471DBF /* LICENSE */,
				1B6C565F1F41DA3A00471DBF /* README.md */,
				1B6C56601F41DA3A00471DBF /* UIKit+AFNetworking */,
			);
			path = AFNetworking;
			sourceTree = "<group>";
		};
		1B6C56501F41DA3A00471DBF /* AFNetworking */ = {
			isa = PBXGroup;
			children = (
				1B6C56511F41DA3A00471DBF /* AFHTTPSessionManager.h */,
				1B6C56521F41DA3A00471DBF /* AFHTTPSessionManager.m */,
				1B6C56531F41DA3A00471DBF /* AFNetworking.h */,
				1B6C56541F41DA3A00471DBF /* AFNetworkReachabilityManager.h */,
				1B6C56551F41DA3A00471DBF /* AFNetworkReachabilityManager.m */,
				1B6C56561F41DA3A00471DBF /* AFSecurityPolicy.h */,
				1B6C56571F41DA3A00471DBF /* AFSecurityPolicy.m */,
				1B6C56581F41DA3A00471DBF /* AFURLRequestSerialization.h */,
				1B6C56591F41DA3A00471DBF /* AFURLRequestSerialization.m */,
				1B6C565A1F41DA3A00471DBF /* AFURLResponseSerialization.h */,
				1B6C565B1F41DA3A00471DBF /* AFURLResponseSerialization.m */,
				1B6C565C1F41DA3A00471DBF /* AFURLSessionManager.h */,
				1B6C565D1F41DA3A00471DBF /* AFURLSessionManager.m */,
			);
			path = AFNetworking;
			sourceTree = "<group>";
		};
		1B6C56601F41DA3A00471DBF /* UIKit+AFNetworking */ = {
			isa = PBXGroup;
			children = (
				1B6C56611F41DA3A00471DBF /* AFAutoPurgingImageCache.h */,
				1B6C56621F41DA3A00471DBF /* AFAutoPurgingImageCache.m */,
				1B6C56631F41DA3A00471DBF /* AFImageDownloader.h */,
				1B6C56641F41DA3A00471DBF /* AFImageDownloader.m */,
				1B6C56651F41DA3A00471DBF /* AFNetworkActivityIndicatorManager.h */,
				1B6C56661F41DA3A00471DBF /* AFNetworkActivityIndicatorManager.m */,
				1B6C56671F41DA3A00471DBF /* UIActivityIndicatorView+AFNetworking.h */,
				1B6C56681F41DA3A00471DBF /* UIActivityIndicatorView+AFNetworking.m */,
				1B6C56691F41DA3A00471DBF /* UIButton+AFNetworking.h */,
				1B6C566A1F41DA3A00471DBF /* UIButton+AFNetworking.m */,
				1B6C566B1F41DA3A00471DBF /* UIImage+AFNetworking.h */,
				1B6C566C1F41DA3A00471DBF /* UIImageView+AFNetworking.h */,
				1B6C566D1F41DA3A00471DBF /* UIImageView+AFNetworking.m */,
				1B6C566E1F41DA3A00471DBF /* UIKit+AFNetworking.h */,
				1B6C566F1F41DA3A00471DBF /* UIProgressView+AFNetworking.h */,
				1B6C56701F41DA3A00471DBF /* UIProgressView+AFNetworking.m */,
				1B6C56711F41DA3A00471DBF /* UIRefreshControl+AFNetworking.h */,
				1B6C56721F41DA3A00471DBF /* UIRefreshControl+AFNetworking.m */,
				1B6C56731F41DA3A00471DBF /* UIWebView+AFNetworking.h */,
				1B6C56741F41DA3A00471DBF /* UIWebView+AFNetworking.m */,
			);
			path = "UIKit+AFNetworking";
			sourceTree = "<group>";
		};
/* End PBXGroup section */

/* Begin PBXNativeTarget section */
		1B6C55EC1F41D1AF00471DBF /* WXPayDemo */ = {
			isa = PBXNativeTarget;
			buildConfigurationList = 1B6C561A1F41D1AF00471DBF /* Build configuration list for PBXNativeTarget "WXPayDemo" */;
			buildPhases = (
				1B6C55E91F41D1AF00471DBF /* Sources */,
				1B6C55EA1F41D1AF00471DBF /* Frameworks */,
				1B6C55EB1F41D1AF00471DBF /* Resources */,
			);
			buildRules = (
			);
			dependencies = (
			);
			name = WXPayDemo;
			productName = WXPayDemo;
			productReference = 1B6C55ED1F41D1AF00471DBF /* WXPayDemo.app */;
			productType = "com.apple.product-type.application";
		};
		1B6C56051F41D1AF00471DBF /* WXPayDemoTests */ = {
			isa = PBXNativeTarget;
			buildConfigurationList = 1B6C561D1F41D1AF00471DBF /* Build configuration list for PBXNativeTarget "WXPayDemoTests" */;
			buildPhases = (
				1B6C56021F41D1AF00471DBF /* Sources */,
				1B6C56031F41D1AF00471DBF /* Frameworks */,
				1B6C56041F41D1AF00471DBF /* Resources */,
			);
			buildRules = (
			);
			dependencies = (
				1B6C56081F41D1AF00471DBF /* PBXTargetDependency */,
			);
			name = WXPayDemoTests;
			productName = WXPayDemoTests;
			productReference = 1B6C56061F41D1AF00471DBF /* WXPayDemoTests.xctest */;
			productType = "com.apple.product-type.bundle.unit-test";
		};
		1B6C56101F41D1AF00471DBF /* WXPayDemoUITests */ = {
			isa = PBXNativeTarget;
			buildConfigurationList = 1B6C56201F41D1AF00471DBF /* Build configuration list for PBXNativeTarget "WXPayDemoUITests" */;
			buildPhases = (
				1B6C560D1F41D1AF00471DBF /* Sources */,
				1B6C560E1F41D1AF00471DBF /* Frameworks */,
				1B6C560F1F41D1AF00471DBF /* Resources */,
			);
			buildRules = (
			);
			dependencies = (
				1B6C56131F41D1AF00471DBF /* PBXTargetDependency */,
			);
			name = WXPayDemoUITests;
			productName = WXPayDemoUITests;
			productReference = 1B6C56111F41D1AF00471DBF /* WXPayDemoUITests.xctest */;
			productType = "com.apple.product-type.bundle.ui-testing";
		};
/* End PBXNativeTarget section */

/* Begin PBXProject section */
		1B6C55E51F41D1AF00471DBF /* Project object */ = {
			isa = PBXProject;
			attributes = {
				LastUpgradeCheck = 0830;
				ORGANIZATIONNAME = wjl;
				TargetAttributes = {
					1B6C55EC1F41D1AF00471DBF = {
						CreatedOnToolsVersion = 8.3.3;
						DevelopmentTeam = 6R9HWS7XZ6;
						ProvisioningStyle = Automatic;
					};
					1B6C56051F41D1AF00471DBF = {
						CreatedOnToolsVersion = 8.3.3;
						DevelopmentTeam = 6R9HWS7XZ6;
						ProvisioningStyle = Automatic;
						TestTargetID = 1B6C55EC1F41D1AF00471DBF;
					};
					1B6C56101F41D1AF00471DBF = {
						CreatedOnToolsVersion = 8.3.3;
						DevelopmentTeam = 6R9HWS7XZ6;
						ProvisioningStyle = Automatic;
						TestTargetID = 1B6C55EC1F41D1AF00471DBF;
					};
				};
			};
			buildConfigurationList = 1B6C55E81F41D1AF00471DBF /* Build configuration list for PBXProject "WXPayDemo" */;
			compatibilityVersion = "Xcode 3.2";
			developmentRegion = English;
			hasScannedForEncodings = 0;
			knownRegions = (
				en,
				Base,
			);
			mainGroup = 1B6C55E41F41D1AF00471DBF;
			productRefGroup = 1B6C55EE1F41D1AF00471DBF /* Products */;
			projectDirPath = "";
			projectRoot = "";
			targets = (
				1B6C55EC1F41D1AF00471DBF /* WXPayDemo */,
				1B6C56051F41D1AF00471DBF /* WXPayDemoTests */,
				1B6C56101F41D1AF00471DBF /* WXPayDemoUITests */,
			);
		};
/* End PBXProject section */

/* Begin PBXResourcesBuildPhase section */
		1B6C55EB1F41D1AF00471DBF /* Resources */ = {
			isa = PBXResourcesBuildPhase;
			buildActionMask = 2147483647;
			files = (
				1B6C56001F41D1AF00471DBF /* LaunchScreen.storyboard in Resources */,
				1B6C55FD1F41D1AF00471DBF /* Assets.xcassets in Resources */,
				1B6C562A1F41D45B00471DBF /* README.txt in Resources */,
				1B6C55FB1F41D1AF00471DBF /* Main.storyboard in Resources */,
				1B6C567B1F41DA3A00471DBF /* LICENSE in Resources */,
			);
			runOnlyForDeploymentPostprocessing = 0;
		};
		1B6C56041F41D1AF00471DBF /* Resources */ = {
			isa = PBXResourcesBuildPhase;
			buildActionMask = 2147483647;
			files = (
			);
			runOnlyForDeploymentPostprocessing = 0;
		};
		1B6C560F1F41D1AF00471DBF /* Resources */ = {
			isa = PBXResourcesBuildPhase;
			buildActionMask = 2147483647;
			files = (
			);
			runOnlyForDeploymentPostprocessing = 0;
		};
/* End PBXResourcesBuildPhase section */

/* Begin PBXSourcesBuildPhase section */
		1B6C55E91F41D1AF00471DBF /* Sources */ = {
			isa = PBXSourcesBuildPhase;
			buildActionMask = 2147483647;
			files = (
				1B6C567A1F41DA3A00471DBF /* AFURLSessionManager.m in Sources */,
				1B6C55F81F41D1AF00471DBF /* ViewController.m in Sources */,
				1B6C567C1F41DA3A00471DBF /* README.md in Sources */,
				1B6C55F51F41D1AF00471DBF /* AppDelegate.m in Sources */,
				1B6C56761F41DA3A00471DBF /* AFNetworkReachabilityManager.m in Sources */,
				1B6C55F21F41D1AF00471DBF /* main.m in Sources */,
				1B6C56801F41DA3A00471DBF /* UIActivityIndicatorView+AFNetworking.m in Sources */,
				1B6C56771F41DA3A00471DBF /* AFSecurityPolicy.m in Sources */,
				1B6C56831F41DA3A00471DBF /* UIProgressView+AFNetworking.m in Sources */,
				1B6C56781F41DA3A00471DBF /* AFURLRequestSerialization.m in Sources */,
				1B6C56791F41DA3A00471DBF /* AFURLResponseSerialization.m in Sources */,
				1B6C567F1F41DA3A00471DBF /* AFNetworkActivityIndicatorManager.m in Sources */,
				1B6C56821F41DA3A00471DBF /* UIImageView+AFNetworking.m in Sources */,
				1B6C56811F41DA3A00471DBF /* UIButton+AFNetworking.m in Sources */,
				1B6C56841F41DA3A00471DBF /* UIRefreshControl+AFNetworking.m in Sources */,
				1B6C56851F41DA3A00471DBF /* UIWebView+AFNetworking.m in Sources */,
				1B6C56751F41DA3A00471DBF /* AFHTTPSessionManager.m in Sources */,
				1B6C567D1F41DA3A00471DBF /* AFAutoPurgingImageCache.m in Sources */,
				1B6C567E1F41DA3A00471DBF /* AFImageDownloader.m in Sources */,
			);
			runOnlyForDeploymentPostprocessing = 0;
		};
		1B6C56021F41D1AF00471DBF /* Sources */ = {
			isa = PBXSourcesBuildPhase;
			buildActionMask = 2147483647;
			files = (
				1B6C560B1F41D1AF00471DBF /* WXPayDemoTests.m in Sources */,
			);
			runOnlyForDeploymentPostprocessing = 0;
		};
		1B6C560D1F41D1AF00471DBF /* Sources */ = {
			isa = PBXSourcesBuildPhase;
			buildActionMask = 2147483647;
			files = (
				1B6C56161F41D1AF00471DBF /* WXPayDemoUITests.m in Sources */,
			);
			runOnlyForDeploymentPostprocessing = 0;
		};
/* End PBXSourcesBuildPhase section */

/* Begin PBXTargetDependency section */
		1B6C56081F41D1AF00471DBF /* PBXTargetDependency */ = {
			isa = PBXTargetDependency;
			target = 1B6C55EC1F41D1AF00471DBF /* WXPayDemo */;
			targetProxy = 1B6C56071F41D1AF00471DBF /* PBXContainerItemProxy */;
		};
		1B6C56131F41D1AF00471DBF /* PBXTargetDependency */ = {
			isa = PBXTargetDependency;
			target = 1B6C55EC1F41D1AF00471DBF /* WXPayDemo */;
			targetProxy = 1B6C56121F41D1AF00471DBF /* PBXContainerItemProxy */;
		};
/* End PBXTargetDependency section */

/* Begin PBXVariantGroup section */
		1B6C55F91F41D1AF00471DBF /* Main.storyboard */ = {
			isa = PBXVariantGroup;
			children = (
				1B6C55FA1F41D1AF00471DBF /* Base */,
			);
			name = Main.storyboard;
			sourceTree = "<group>";
		};
		1B6C55FE1F41D1AF00471DBF /* LaunchScreen.storyboard */ = {
			isa = PBXVariantGroup;
			children = (
				1B6C55FF1F41D1AF00471DBF /* Base */,
			);
			name = LaunchScreen.storyboard;
			sourceTree = "<group>";
		};
/* End PBXVariantGroup section */

/* Begin XCBuildConfiguration section */
		1B6C56181F41D1AF00471DBF /* Debug */ = {
			isa = XCBuildConfiguration;
			buildSettings = {
				ALWAYS_SEARCH_USER_PATHS = NO;
				CLANG_ANALYZER_NONNULL = YES;
				CLANG_ANALYZER_NUMBER_OBJECT_CONVERSION = YES_AGGRESSIVE;
				CLANG_CXX_LANGUAGE_STANDARD = "gnu++0x";
				CLANG_CXX_LIBRARY = "libc++";
				CLANG_ENABLE_MODULES = YES;
				CLANG_ENABLE_OBJC_ARC = YES;
				CLANG_WARN_BOOL_CONVERSION = YES;
				CLANG_WARN_CONSTANT_CONVERSION = YES;
				CLANG_WARN_DIRECT_OBJC_ISA_USAGE = YES_ERROR;
				CLANG_WARN_DOCUMENTATION_COMMENTS = YES;
				CLANG_WARN_EMPTY_BODY = YES;
				CLANG_WARN_ENUM_CONVERSION = YES;
				CLANG_WARN_INFINITE_RECURSION = YES;
				CLANG_WARN_INT_CONVERSION = YES;
				CLANG_WARN_OBJC_ROOT_CLASS = YES_ERROR;
				CLANG_WARN_SUSPICIOUS_MOVE = YES;
				CLANG_WARN_UNREACHABLE_CODE = YES;
				CLANG_WARN__DUPLICATE_METHOD_MATCH = YES;
				"CODE_SIGN_IDENTITY[sdk=iphoneos*]" = "iPhone Developer";
				COPY_PHASE_STRIP = NO;
				DEBUG_INFORMATION_FORMAT = dwarf;
				ENABLE_STRICT_OBJC_MSGSEND = YES;
				ENABLE_TESTABILITY = YES;
				GCC_C_LANGUAGE_STANDARD = gnu99;
				GCC_DYNAMIC_NO_PIC = NO;
				GCC_NO_COMMON_BLOCKS = YES;
				GCC_OPTIMIZATION_LEVEL = 0;
				GCC_PREPROCESSOR_DEFINITIONS = (
					"DEBUG=1",
					"$(inherited)",
				);
				GCC_WARN_64_TO_32_BIT_CONVERSION = YES;
				GCC_WARN_ABOUT_RETURN_TYPE = YES_ERROR;
				GCC_WARN_UNDECLARED_SELECTOR = YES;
				GCC_WARN_UNINITIALIZED_AUTOS = YES_AGGRESSIVE;
				GCC_WARN_UNUSED_FUNCTION = YES;
				GCC_WARN_UNUSED_VARIABLE = YES;
				IPHONEOS_DEPLOYMENT_TARGET = 10.3;
				MTL_ENABLE_DEBUG_INFO = YES;
				ONLY_ACTIVE_ARCH = YES;
				SDKROOT = iphoneos;
			};
			name = Debug;
		};
		1B6C56191F41D1AF00471DBF /* Release */ = {
			isa = XCBuildConfiguration;
			buildSettings = {
				ALWAYS_SEARCH_USER_PATHS = NO;
				CLANG_ANALYZER_NONNULL = YES;
				CLANG_ANALYZER_NUMBER_OBJECT_CONVERSION = YES_AGGRESSIVE;
				CLANG_CXX_LANGUAGE_STANDARD = "gnu++0x";
				CLANG_CXX_LIBRARY = "libc++";
				CLANG_ENABLE_MODULES = YES;
				CLANG_ENABLE_OBJC_ARC = YES;
				CLANG_WARN_BOOL_CONVERSION = YES;
				CLANG_WARN_CONSTANT_CONVERSION = YES;
				CLANG_WARN_DIRECT_OBJC_ISA_USAGE = YES_ERROR;
				CLANG_WARN_DOCUMENTATION_COMMENTS = YES;
				CLANG_WARN_EMPTY_BODY = YES;
				CLANG_WARN_ENUM_CONVERSION = YES;
				CLANG_WARN_INFINITE_RECURSION = YES;
				CLANG_WARN_INT_CONVERSION = YES;
				CLANG_WARN_OBJC_ROOT_CLASS = YES_ERROR;
				CLANG_WARN_SUSPICIOUS_MOVE = YES;
				CLANG_WARN_UNREACHABLE_CODE = YES;
				CLANG_WARN__DUPLICATE_METHOD_MATCH = YES;
				"CODE_SIGN_IDENTITY[sdk=iphoneos*]" = "iPhone Developer";
				COPY_PHASE_STRIP = NO;
				DEBUG_INFORMATION_FORMAT = "dwarf-with-dsym";
				ENABLE_NS_ASSERTIONS = NO;
				ENABLE_STRICT_OBJC_MSGSEND = YES;
				GCC_C_LANGUAGE_STANDARD = gnu99;
				GCC_NO_COMMON_BLOCKS = YES;
				GCC_WARN_64_TO_32_BIT_CONVERSION = YES;
				GCC_WARN_ABOUT_RETURN_TYPE = YES_ERROR;
				GCC_WARN_UNDECLARED_SELECTOR = YES;
				GCC_WARN_UNINITIALIZED_AUTOS = YES_AGGRESSIVE;
				GCC_WARN_UNUSED_FUNCTION = YES;
				GCC_WARN_UNUSED_VARIABLE = YES;
				IPHONEOS_DEPLOYMENT_TARGET = 10.3;
				MTL_ENABLE_DEBUG_INFO = NO;
				SDKROOT = iphoneos;
				VALIDATE_PRODUCT = YES;
			};
			name = Release;
		};
		1B6C561B1F41D1AF00471DBF /* Debug */ = {
			isa = XCBuildConfiguration;
			buildSettings = {
				ASSETCATALOG_COMPILER_APPICON_NAME = AppIcon;
				DEVELOPMENT_TEAM = 6R9HWS7XZ6;
				INFOPLIST_FILE = WXPayDemo/Info.plist;
				IPHONEOS_DEPLOYMENT_TARGET = 8.0;
				LD_RUNPATH_SEARCH_PATHS = "$(inherited) @executable_path/Frameworks";
				LIBRARY_SEARCH_PATHS = (
					"$(inherited)",
					"$(PROJECT_DIR)/WXPayDemo/weixin",
				);
				OTHER_LDFLAGS = (
					"-Objc",
					"-all_load",
				);
				PRODUCT_BUNDLE_IDENTIFIER = com.raipeng.WXPayDemo;
				PRODUCT_NAME = "$(TARGET_NAME)";
			};
			name = Debug;
		};
		1B6C561C1F41D1AF00471DBF /* Release */ = {
			isa = XCBuildConfiguration;
			buildSettings = {
				ASSETCATALOG_COMPILER_APPICON_NAME = AppIcon;
				DEVELOPMENT_TEAM = 6R9HWS7XZ6;
				INFOPLIST_FILE = WXPayDemo/Info.plist;
				IPHONEOS_DEPLOYMENT_TARGET = 8.0;
				LD_RUNPATH_SEARCH_PATHS = "$(inherited) @executable_path/Frameworks";
				LIBRARY_SEARCH_PATHS = (
					"$(inherited)",
					"$(PROJECT_DIR)/WXPayDemo/weixin",
				);
				OTHER_LDFLAGS = (
					"-Objc",
					"-all_load",
				);
				PRODUCT_BUNDLE_IDENTIFIER = com.raipeng.WXPayDemo;
				PRODUCT_NAME = "$(TARGET_NAME)";
			};
			name = Release;
		};
		1B6C561E1F41D1AF00471DBF /* Debug */ = {
			isa = XCBuildConfiguration;
			buildSettings = {
				BUNDLE_LOADER = "$(TEST_HOST)";
				DEVELOPMENT_TEAM = 6R9HWS7XZ6;
				INFOPLIST_FILE = WXPayDemoTests/Info.plist;
				LD_RUNPATH_SEARCH_PATHS = "$(inherited) @executable_path/Frameworks @loader_path/Frameworks";
				PRODUCT_BUNDLE_IDENTIFIER = com.raipeng.WXPayDemoTests;
				PRODUCT_NAME = "$(TARGET_NAME)";
				TEST_HOST = "$(BUILT_PRODUCTS_DIR)/WXPayDemo.app/WXPayDemo";
			};
			name = Debug;
		};
		1B6C561F1F41D1AF00471DBF /* Release */ = {
			isa = XCBuildConfiguration;
			buildSettings = {
				BUNDLE_LOADER = "$(TEST_HOST)";
				DEVELOPMENT_TEAM = 6R9HWS7XZ6;
				INFOPLIST_FILE = WXPayDemoTests/Info.plist;
				LD_RUNPATH_SEARCH_PATHS = "$(inherited) @executable_path/Frameworks @loader_path/Frameworks";
				PRODUCT_BUNDLE_IDENTIFIER = com.raipeng.WXPayDemoTests;
				PRODUCT_NAME = "$(TARGET_NAME)";
				TEST_HOST = "$(BUILT_PRODUCTS_DIR)/WXPayDemo.app/WXPayDemo";
			};
			name = Release;
		};
		1B6C56211F41D1AF00471DBF /* Debug */ = {
			isa = XCBuildConfiguration;
			buildSettings = {
				DEVELOPMENT_TEAM = 6R9HWS7XZ6;
				INFOPLIST_FILE = WXPayDemoUITests/Info.plist;
				LD_RUNPATH_SEARCH_PATHS = "$(inherited) @executable_path/Frameworks @loader_path/Frameworks";
				PRODUCT_BUNDLE_IDENTIFIER = com.raipeng.WXPayDemoUITests;
				PRODUCT_NAME = "$(TARGET_NAME)";
				TEST_TARGET_NAME = WXPayDemo;
			};
			name = Debug;
		};
		1B6C56221F41D1AF00471DBF /* Release */ = {
			isa = XCBuildConfiguration;
			buildSettings = {
				DEVELOPMENT_TEAM = 6R9HWS7XZ6;
				INFOPLIST_FILE = WXPayDemoUITests/Info.plist;
				LD_RUNPATH_SEARCH_PATHS = "$(inherited) @executable_path/Frameworks @loader_path/Frameworks";
				PRODUCT_BUNDLE_IDENTIFIER = com.raipeng.WXPayDemoUITests;
				PRODUCT_NAME = "$(TARGET_NAME)";
				TEST_TARGET_NAME = WXPayDemo;
			};
			name = Release;
		};
/* End XCBuildConfiguration section */

/* Begin XCConfigurationList section */
		1B6C55E81F41D1AF00471DBF /* Build configuration list for PBXProject "WXPayDemo" */ = {
			isa = XCConfigurationList;
			buildConfigurations = (
				1B6C56181F41D1AF00471DBF /* Debug */,
				1B6C56191F41D1AF00471DBF /* Release */,
			);
			defaultConfigurationIsVisible = 0;
			defaultConfigurationName = Release;
		};
		1B6C561A1F41D1AF00471DBF /* Build configuration list for PBXNativeTarget "WXPayDemo" */ = {
			isa = XCConfigurationList;
			buildConfigurations = (
				1B6C561B1F41D1AF00471DBF /* Debug */,
				1B6C561C1F41D1AF00471DBF /* Release */,
			);
			defaultConfigurationIsVisible = 0;
		};
		1B6C561D1F41D1AF00471DBF /* Build configuration list for PBXNativeTarget "WXPayDemoTests" */ = {
			isa = XCConfigurationList;
			buildConfigurations = (
				1B6C561E1F41D1AF00471DBF /* Debug */,
				1B6C561F1F41D1AF00471DBF /* Release */,
			);
			defaultConfigurationIsVisible = 0;
		};
		1B6C56201F41D1AF00471DBF /* Build configuration list for PBXNativeTarget "WXPayDemoUITests" */ = {
			isa = XCConfigurationList;
			buildConfigurations = (
				1B6C56211F41D1AF00471DBF /* Debug */,
				1B6C56221F41D1AF00471DBF /* Release */,
			);
			defaultConfigurationIsVisible = 0;
		};
/* End XCConfigurationList section */
	};
	rootObject = 1B6C55E51F41D1AF00471DBF /* Project object */;
}
